{
  "version": 4,
  "terraform_version": "0.12.6",
  "serial": 5,
  "lineage": "e0fd31f7-edb4-a3a7-ffb8-bd8a5e95ef98",
  "outputs": {},
  "resources": [
    {
      "mode": "managed",
      "type": "docker_image",
      "name": "image_id",
      "provider": "provider.docker",
      "instances": [
        {
          "schema_version": 0,
          "attributes": {
            "id": "sha256:5087ec25083ca2fcff87e1ab71165080126af5cbfcc146d214fce7437f93d50eghost:latest",
            "keep_locally": null,
            "latest": "sha256:5087ec25083ca2fcff87e1ab71165080126af5cbfcc146d214fce7437f93d50e",
            "name": "ghost:latest",
            "pull_trigger": null,
            "pull_triggers": null
          },
          "private": "bnVsbA=="
        }
      ]
    }
  ]
}
